
Microsoft Visual Studio Solution File, Format Version 12.00
# Visual Studio Version 17
VisualStudioVersion = 17.8.34525.116
MinimumVisualStudioVersion = 10.0.40219.1
Project("{9A19103F-16F7-4668-BE54-9A1E7A4F7556}") = "F19FKP_HFT_2023242.Client", "F19FKP_HFT_2023242.Client\F19FKP_HFT_2023242.Client.csproj", "{7F2DE80F-1D60-4385-A3D3-82CDE522D1B9}"
EndProject
Project("{9A19103F-16F7-4668-BE54-9A1E7A4F7556}") = "F19FKP_HFT_2023242.Models", "F19FKP_HFT_2023242.Models\F19FKP_HFT_2023242.Models.csproj", "{DD2474E6-F962-4997-8F46-D8E7FA04C47A}"
EndProject
Project("{9A19103F-16F7-4668-BE54-9A1E7A4F7556}") = "F19FKP_HFT_2023242.Logic", "F19FKP_HFT_2023242.Logic\F19FKP_HFT_2023242.Logic.csproj", "{940AC3D6-8FAE-4C85-B748-2BA5E29B5157}"
EndProject
Project("{9A19103F-16F7-4668-BE54-9A1E7A4F7556}") = "F19FKP_HFT_2023242.Repository", "F19FKP_HFT_2023242.Repository\F19FKP_HFT_2023242.Repository.csproj", "{BFD02842-7504-4483-8FC0-8A784C281732}"
EndProject
Project("{9A19103F-16F7-4668-BE54-9A1E7A4F7556}") = "F19FKP_HFT_2023242.Endpoint", "F19FKP_HFT_2023242.Endpoint\F19FKP_HFT_2023242.Endpoint.csproj", "{F72D620D-F471-4D98-963C-E1D3545F6D75}"
EndProject
Project("{9A19103F-16F7-4668-BE54-9A1E7A4F7556}") = "F19FKP_HFT_2023242.Test", "F19FKP_HFT_2023242.Test\F19FKP_HFT_2023242.Test.csproj", "{A4FDC72C-13D8-4398-B108-C38728E07814}"
EndProject
Project("{2150E333-8FDC-42A3-9474-1A3956D46DE8}") = "Backend", "Backend", "{0FE8CDA9-AB63-4A24-BD21-B708CC1A6102}"
EndProject
Project("{2150E333-8FDC-42A3-9474-1A3956D46DE8}") = "Frontend", "Frontend", "{A85138C1-7120-402E-90F2-4EF5283404DB}"
EndProject
Project("{2150E333-8FDC-42A3-9474-1A3956D46DE8}") = "Shared", "Shared", "{1E7D333E-DABA-44D3-B89C-7E0A81E591A5}"
EndProject
Project("{2150E333-8FDC-42A3-9474-1A3956D46DE8}") = "Others", "Others", "{B4D7A599-68DA-41BC-BA56-070DF72E1C68}"
	ProjectSection(SolutionItems) = preProject
		.gitignore = .gitignore
	EndProjectSection
EndProject
Global
	GlobalSection(SolutionConfigurationPlatforms) = preSolution
		Debug|Any CPU = Debug|Any CPU
		Release|Any CPU = Release|Any CPU
	EndGlobalSection
	GlobalSection(ProjectConfigurationPlatforms) = postSolution
		{7F2DE80F-1D60-4385-A3D3-82CDE522D1B9}.Debug|Any CPU.ActiveCfg = Debug|Any CPU
		{7F2DE80F-1D60-4385-A3D3-82CDE522D1B9}.Debug|Any CPU.Build.0 = Debug|Any CPU
		{7F2DE80F-1D60-4385-A3D3-82CDE522D1B9}.Release|Any CPU.ActiveCfg = Release|Any CPU
		{7F2DE80F-1D60-4385-A3D3-82CDE522D1B9}.Release|Any CPU.Build.0 = Release|Any CPU
		{DD2474E6-F962-4997-8F46-D8E7FA04C47A}.Debug|Any CPU.ActiveCfg = Debug|Any CPU
		{DD2474E6-F962-4997-8F46-D8E7FA04C47A}.Debug|Any CPU.Build.0 = Debug|Any CPU
		{DD2474E6-F962-4997-8F46-D8E7FA04C47A}.Release|Any CPU.ActiveCfg = Release|Any CPU
		{DD2474E6-F962-4997-8F46-D8E7FA04C47A}.Release|Any CPU.Build.0 = Release|Any CPU
		{940AC3D6-8FAE-4C85-B748-2BA5E29B5157}.Debug|Any CPU.ActiveCfg = Debug|Any CPU
		{940AC3D6-8FAE-4C85-B748-2BA5E29B5157}.Debug|Any CPU.Build.0 = Debug|Any CPU
		{940AC3D6-8FAE-4C85-B748-2BA5E29B5157}.Release|Any CPU.ActiveCfg = Release|Any CPU
		{940AC3D6-8FAE-4C85-B748-2BA5E29B5157}.Release|Any CPU.Build.0 = Release|Any CPU
		{BFD02842-7504-4483-8FC0-8A784C281732}.Debug|Any CPU.ActiveCfg = Debug|Any CPU
		{BFD02842-7504-4483-8FC0-8A784C281732}.Debug|Any CPU.Build.0 = Debug|Any CPU
		{BFD02842-7504-4483-8FC0-8A784C281732}.Release|Any CPU.ActiveCfg = Release|Any CPU
		{BFD02842-7504-4483-8FC0-8A784C281732}.Release|Any CPU.Build.0 = Release|Any CPU
		{F72D620D-F471-4D98-963C-E1D3545F6D75}.Debug|Any CPU.ActiveCfg = Debug|Any CPU
		{F72D620D-F471-4D98-963C-E1D3545F6D75}.Debug|Any CPU.Build.0 = Debug|Any CPU
		{F72D620D-F471-4D98-963C-E1D3545F6D75}.Release|Any CPU.ActiveCfg = Release|Any CPU
		{F72D620D-F471-4D98-963C-E1D3545F6D75}.Release|Any CPU.Build.0 = Release|Any CPU
		{A4FDC72C-13D8-4398-B108-C38728E07814}.Debug|Any CPU.ActiveCfg = Debug|Any CPU
		{A4FDC72C-13D8-4398-B108-C38728E07814}.Debug|Any CPU.Build.0 = Debug|Any CPU
		{A4FDC72C-13D8-4398-B108-C38728E07814}.Release|Any CPU.ActiveCfg = Release|Any CPU
		{A4FDC72C-13D8-4398-B108-C38728E07814}.Release|Any CPU.Build.0 = Release|Any CPU
	EndGlobalSection
	GlobalSection(SolutionProperties) = preSolution
		HideSolutionNode = FALSE
	EndGlobalSection
	GlobalSection(NestedProjects) = preSolution
		{7F2DE80F-1D60-4385-A3D3-82CDE522D1B9} = {A85138C1-7120-402E-90F2-4EF5283404DB}
		{DD2474E6-F962-4997-8F46-D8E7FA04C47A} = {1E7D333E-DABA-44D3-B89C-7E0A81E591A5}
		{940AC3D6-8FAE-4C85-B748-2BA5E29B5157} = {0FE8CDA9-AB63-4A24-BD21-B708CC1A6102}
		{BFD02842-7504-4483-8FC0-8A784C281732} = {0FE8CDA9-AB63-4A24-BD21-B708CC1A6102}
		{F72D620D-F471-4D98-963C-E1D3545F6D75} = {0FE8CDA9-AB63-4A24-BD21-B708CC1A6102}
		{A4FDC72C-13D8-4398-B108-C38728E07814} = {0FE8CDA9-AB63-4A24-BD21-B708CC1A6102}
	EndGlobalSection
	GlobalSection(ExtensibilityGlobals) = postSolution
		SolutionGuid = {AAFEDB81-0B79-4293-96BF-BAC3BC7B8CA6}
	EndGlobalSection
EndGlobal
